
Microsoft Visual Studio Solution File, Format Version 12.00
# Visual Studio Version 16
VisualStudioVersion = 16.0.29806.167
MinimumVisualStudioVersion = 10.0.40219.1
Project("{FAE04EC0-301F-11D3-BF4B-00C04F79EFBC}") = "Flash_Cards.Android", "Flash_Cards\Flash_Cards.Android\Flash_Cards.Android.csproj", "{95FFD43D-F846-4DCC-B1E1-3C8821FDA617}"
EndProject
Project("{FAE04EC0-301F-11D3-BF4B-00C04F79EFBC}") = "Flash_Cards.iOS", "Flash_Cards\Flash_Cards.iOS\Flash_Cards.iOS.csproj", "{605573A2-3BC0-4F23-B2B6-C74AEC560C5C}"
EndProject
Project("{9A19103F-16F7-4668-BE54-9A1E7A4F7556}") = "Flash_Cards", "Flash_Cards\Flash_Cards\Flash_Cards.csproj", "{18530D71-1EF9-444C-AF89-55A2AFDFAFF9}"
EndProject
Project("{9A19103F-16F7-4668-BE54-9A1E7A4F7556}") = "StartUp", "StartUp\StartUp.csproj", "{E15E7BF6-0895-40A8-A295-8C419D7D87BF}"
EndProject
Project("{FAE04EC0-301F-11D3-BF4B-00C04F79EFBC}") = "MyAzureLib", "MyAzureLib\MyAzureLib.csproj", "{D7869D95-6B3A-46B6-A122-091AAD242E22}"
EndProject
Global
	GlobalSection(SolutionConfigurationPlatforms) = preSolution
		Debug|Any CPU = Debug|Any CPU
		Debug|iPhone = Debug|iPhone
		Debug|iPhoneSimulator = Debug|iPhoneSimulator
		Release|Any CPU = Release|Any CPU
		Release|iPhone = Release|iPhone
		Release|iPhoneSimulator = Release|iPhoneSimulator
	EndGlobalSection
	GlobalSection(ProjectConfigurationPlatforms) = postSolution
		{95FFD43D-F846-4DCC-B1E1-3C8821FDA617}.Debug|Any CPU.ActiveCfg = Debug|Any CPU
		{95FFD43D-F846-4DCC-B1E1-3C8821FDA617}.Debug|Any CPU.Build.0 = Debug|Any CPU
		{95FFD43D-F846-4DCC-B1E1-3C8821FDA617}.Debug|Any CPU.Deploy.0 = Debug|Any CPU
		{95FFD43D-F846-4DCC-B1E1-3C8821FDA617}.Debug|iPhone.ActiveCfg = Debug|Any CPU
		{95FFD43D-F846-4DCC-B1E1-3C8821FDA617}.Debug|iPhone.Build.0 = Debug|Any CPU
		{95FFD43D-F846-4DCC-B1E1-3C8821FDA617}.Debug|iPhone.Deploy.0 = Debug|Any CPU
		{95FFD43D-F846-4DCC-B1E1-3C8821FDA617}.Debug|iPhoneSimulator.ActiveCfg = Debug|Any CPU
		{95FFD43D-F846-4DCC-B1E1-3C8821FDA617}.Debug|iPhoneSimulator.Build.0 = Debug|Any CPU
		{95FFD43D-F846-4DCC-B1E1-3C8821FDA617}.Debug|iPhoneSimulator.Deploy.0 = Debug|Any CPU
		{95FFD43D-F846-4DCC-B1E1-3C8821FDA617}.Release|Any CPU.ActiveCfg = Release|Any CPU
		{95FFD43D-F846-4DCC-B1E1-3C8821FDA617}.Release|Any CPU.Build.0 = Release|Any CPU
		{95FFD43D-F846-4DCC-B1E1-3C8821FDA617}.Release|Any CPU.Deploy.0 = Release|Any CPU
		{95FFD43D-F846-4DCC-B1E1-3C8821FDA617}.Release|iPhone.ActiveCfg = Release|Any CPU
		{95FFD43D-F846-4DCC-B1E1-3C8821FDA617}.Release|iPhone.Build.0 = Release|Any CPU
		{95FFD43D-F846-4DCC-B1E1-3C8821FDA617}.Release|iPhone.Deploy.0 = Release|Any CPU
		{95FFD43D-F846-4DCC-B1E1-3C8821FDA617}.Release|iPhoneSimulator.ActiveCfg = Release|Any CPU
		{95FFD43D-F846-4DCC-B1E1-3C8821FDA617}.Release|iPhoneSimulator.Build.0 = Release|Any CPU
		{95FFD43D-F846-4DCC-B1E1-3C8821FDA617}.Release|iPhoneSimulator.Deploy.0 = Release|Any CPU
		{605573A2-3BC0-4F23-B2B6-C74AEC560C5C}.Debug|Any CPU.ActiveCfg = Debug|iPhoneSimulator
		{605573A2-3BC0-4F23-B2B6-C74AEC560C5C}.Debug|Any CPU.Build.0 = Debug|iPhoneSimulator
		{605573A2-3BC0-4F23-B2B6-C74AEC560C5C}.Debug|Any CPU.Deploy.0 = Debug|iPhoneSimulator
		{605573A2-3BC0-4F23-B2B6-C74AEC560C5C}.Debug|iPhone.ActiveCfg = Debug|iPhone
		{605573A2-3BC0-4F23-B2B6-C74AEC560C5C}.Debug|iPhone.Build.0 = Debug|iPhone
		{605573A2-3BC0-4F23-B2B6-C74AEC560C5C}.Debug|iPhone.Deploy.0 = Debug|iPhone
		{605573A2-3BC0-4F23-B2B6-C74AEC560C5C}.Debug|iPhoneSimulator.ActiveCfg = Debug|iPhoneSimulator
		{605573A2-3BC0-4F23-B2B6-C74AEC560C5C}.Debug|iPhoneSimulator.Build.0 = Debug|iPhoneSimulator
		{605573A2-3BC0-4F23-B2B6-C74AEC560C5C}.Debug|iPhoneSimulator.Deploy.0 = Debug|iPhoneSimulator
		{605573A2-3BC0-4F23-B2B6-C74AEC560C5C}.Release|Any CPU.ActiveCfg = Release|iPhone
		{605573A2-3BC0-4F23-B2B6-C74AEC560C5C}.Release|Any CPU.Build.0 = Release|iPhone
		{605573A2-3BC0-4F23-B2B6-C74AEC560C5C}.Release|Any CPU.Deploy.0 = Release|iPhone
		{605573A2-3BC0-4F23-B2B6-C74AEC560C5C}.Release|iPhone.ActiveCfg = Release|iPhone
		{605573A2-3BC0-4F23-B2B6-C74AEC560C5C}.Release|iPhone.Build.0 = Release|iPhone
		{605573A2-3BC0-4F23-B2B6-C74AEC560C5C}.Release|iPhone.Deploy.0 = Release|iPhone
		{605573A2-3BC0-4F23-B2B6-C74AEC560C5C}.Release|iPhoneSimulator.ActiveCfg = Release|iPhoneSimulator
		{605573A2-3BC0-4F23-B2B6-C74AEC560C5C}.Release|iPhoneSimulator.Build.0 = Release|iPhoneSimulator
		{605573A2-3BC0-4F23-B2B6-C74AEC560C5C}.Release|iPhoneSimulator.Deploy.0 = Release|iPhoneSimulator
		{18530D71-1EF9-444C-AF89-55A2AFDFAFF9}.Debug|Any CPU.ActiveCfg = Debug|Any CPU
		{18530D71-1EF9-444C-AF89-55A2AFDFAFF9}.Debug|Any CPU.Build.0 = Debug|Any CPU
		{18530D71-1EF9-444C-AF89-55A2AFDFAFF9}.Debug|Any CPU.Deploy.0 = Debug|Any CPU
		{18530D71-1EF9-444C-AF89-55A2AFDFAFF9}.Debug|iPhone.ActiveCfg = Debug|Any CPU
		{18530D71-1EF9-444C-AF89-55A2AFDFAFF9}.Debug|iPhone.Build.0 = Debug|Any CPU
		{18530D71-1EF9-444C-AF89-55A2AFDFAFF9}.Debug|iPhone.Deploy.0 = Debug|Any CPU
		{18530D71-1EF9-444C-AF89-55A2AFDFAFF9}.Debug|iPhoneSimulator.ActiveCfg = Debug|Any CPU
		{18530D71-1EF9-444C-AF89-55A2AFDFAFF9}.Debug|iPhoneSimulator.Build.0 = Debug|Any CPU
		{18530D71-1EF9-444C-AF89-55A2AFDFAFF9}.Debug|iPhoneSimulator.Deploy.0 = Debug|Any CPU
		{18530D71-1EF9-444C-AF89-55A2AFDFAFF9}.Release|Any CPU.ActiveCfg = Release|Any CPU
		{18530D71-1EF9-444C-AF89-55A2AFDFAFF9}.Release|Any CPU.Build.0 = Release|Any CPU
		{18530D71-1EF9-444C-AF89-55A2AFDFAFF9}.Release|Any CPU.Deploy.0 = Release|Any CPU
		{18530D71-1EF9-444C-AF89-55A2AFDFAFF9}.Release|iPhone.ActiveCfg = Release|Any CPU
		{18530D71-1EF9-444C-AF89-55A2AFDFAFF9}.Release|iPhone.Build.0 = Release|Any CPU
		{18530D71-1EF9-444C-AF89-55A2AFDFAFF9}.Release|iPhone.Deploy.0 = Release|Any CPU
		{18530D71-1EF9-444C-AF89-55A2AFDFAFF9}.Release|iPhoneSimulator.ActiveCfg = Release|Any CPU
		{18530D71-1EF9-444C-AF89-55A2AFDFAFF9}.Release|iPhoneSimulator.Build.0 = Release|Any CPU
		{18530D71-1EF9-444C-AF89-55A2AFDFAFF9}.Release|iPhoneSimulator.Deploy.0 = Release|Any CPU
		{E15E7BF6-0895-40A8-A295-8C419D7D87BF}.Debug|Any CPU.ActiveCfg = Debug|Any CPU
		{E15E7BF6-0895-40A8-A295-8C419D7D87BF}.Debug|Any CPU.Build.0 = Debug|Any CPU
		{E15E7BF6-0895-40A8-A295-8C419D7D87BF}.Debug|iPhone.ActiveCfg = Debug|Any CPU
		{E15E7BF6-0895-40A8-A295-8C419D7D87BF}.Debug|iPhone.Build.0 = Debug|Any CPU
		{E15E7BF6-0895-40A8-A295-8C419D7D87BF}.Debug|iPhoneSimulator.ActiveCfg = Debug|Any CPU
		{E15E7BF6-0895-40A8-A295-8C419D7D87BF}.Debug|iPhoneSimulator.Build.0 = Debug|Any CPU
		{E15E7BF6-0895-40A8-A295-8C419D7D87BF}.Release|Any CPU.ActiveCfg = Release|Any CPU
		{E15E7BF6-0895-40A8-A295-8C419D7D87BF}.Release|Any CPU.Build.0 = Release|Any CPU
		{E15E7BF6-0895-40A8-A295-8C419D7D87BF}.Release|iPhone.ActiveCfg = Release|Any CPU
		{E15E7BF6-0895-40A8-A295-8C419D7D87BF}.Release|iPhone.Build.0 = Release|Any CPU
		{E15E7BF6-0895-40A8-A295-8C419D7D87BF}.Release|iPhoneSimulator.ActiveCfg = Release|Any CPU
		{E15E7BF6-0895-40A8-A295-8C419D7D87BF}.Release|iPhoneSimulator.Build.0 = Release|Any CPU
		{D7869D95-6B3A-46B6-A122-091AAD242E22}.Debug|Any CPU.ActiveCfg = Debug|Any CPU
		{D7869D95-6B3A-46B6-A122-091AAD242E22}.Debug|Any CPU.Build.0 = Debug|Any CPU
		{D7869D95-6B3A-46B6-A122-091AAD242E22}.Debug|iPhone.ActiveCfg = Debug|Any CPU
		{D7869D95-6B3A-46B6-A122-091AAD242E22}.Debug|iPhone.Build.0 = Debug|Any CPU
		{D7869D95-6B3A-46B6-A122-091AAD242E22}.Debug|iPhoneSimulator.ActiveCfg = Debug|Any CPU
		{D7869D95-6B3A-46B6-A122-091AAD242E22}.Debug|iPhoneSimulator.Build.0 = Debug|Any CPU
		{D7869D95-6B3A-46B6-A122-091AAD242E22}.Release|Any CPU.ActiveCfg = Release|Any CPU
		{D7869D95-6B3A-46B6-A122-091AAD242E22}.Release|Any CPU.Build.0 = Release|Any CPU
		{D7869D95-6B3A-46B6-A122-091AAD242E22}.Release|iPhone.ActiveCfg = Release|Any CPU
		{D7869D95-6B3A-46B6-A122-091AAD242E22}.Release|iPhone.Build.0 = Release|Any CPU
		{D7869D95-6B3A-46B6-A122-091AAD242E22}.Release|iPhoneSimulator.ActiveCfg = Release|Any CPU
		{D7869D95-6B3A-46B6-A122-091AAD242E22}.Release|iPhoneSimulator.Build.0 = Release|Any CPU
	EndGlobalSection
	GlobalSection(SolutionProperties) = preSolution
		HideSolutionNode = FALSE
	EndGlobalSection
	GlobalSection(ExtensibilityGlobals) = postSolution
		SolutionGuid = {420A75D2-7745-4921-A452-C6B18A1362AF}
	EndGlobalSection
EndGlobal
